
Microsoft Visual Studio Solution File, Format Version 12.00
# Visual Studio Version 17
VisualStudioVersion = 17.0.31903.59
MinimumVisualStudioVersion = 10.0.40219.1
Project("{2150E333-8FDC-42A3-9474-1A3956D46DE8}") = "src", "src", "{827E0CD3-B72D-47B6-A68D-7590B98EB39B}"
EndProject
Project("{FAE04EC0-301F-11D3-BF4B-00C04F79EFBC}") = "OMS.Domain", "src\OMS.Domain\OMS.Domain.csproj", "{711A4AF2-CD1E-4E95-8B70-DD8F604557D8}"
EndProject
Project("{FAE04EC0-301F-11D3-BF4B-00C04F79EFBC}") = "OMS.Application", "src\OMS.Application\OMS.Application.csproj", "{8A41A856-F6D7-4203-9686-B2CE18DD0D42}"
EndProject
Project("{FAE04EC0-301F-11D3-BF4B-00C04F79EFBC}") = "OMS.Infrastructure", "src\OMS.Infrastructure\OMS.Infrastructure.csproj", "{EFA6870B-AA55-4D5D-82FD-27A6ED0C0AC6}"
EndProject
Project("{FAE04EC0-301F-11D3-BF4B-00C04F79EFBC}") = "OMS.API", "src\OMS.API\OMS.API.csproj", "{1FBF2603-736A-4E1C-B8B9-BF7AC5A43671}"
EndProject
Project("{FAE04EC0-301F-11D3-BF4B-00C04F79EFBC}") = "OMS.Web", "src\OMS.Web\OMS.Web.csproj", "{35A593E8-1119-455D-823E-BD7D41BA447C}"
EndProject
Project("{FAE04EC0-301F-11D3-BF4B-00C04F79EFBC}") = "OMS.Tests", "tests\OMS.Tests\OMS.Tests.csproj", "{CC72C4D6-7695-4AC5-B49D-B2B36B20E470}"
EndProject
Project("{2150E333-8FDC-42A3-9474-1A3956D46DE8}") = "API", "API", "{02EA681E-C7D8-13C7-8484-4AC65E1B71E8}"
EndProject
Project("{2150E333-8FDC-42A3-9474-1A3956D46DE8}") = "Business", "Business", "{6002E337-81F5-4684-BF6E-C075B6A72E98}"
EndProject
Project("{2150E333-8FDC-42A3-9474-1A3956D46DE8}") = "Shared", "Shared", "{842EFF08-FA68-414A-A13D-99938D1F3FD5}"
EndProject
Project("{2150E333-8FDC-42A3-9474-1A3956D46DE8}") = "Test", "Test", "{D4C42C2D-1F08-4AA1-94A5-E1579D516948}"
EndProject
Project("{2150E333-8FDC-42A3-9474-1A3956D46DE8}") = "monitoring", "monitoring", "{E5B66034-E489-401E-86D5-07B4E1466AE4}"
	ProjectSection(SolutionItems) = preProject
		docker-compose.yml = docker-compose.yml
	EndProjectSection
EndProject
Project("{2150E333-8FDC-42A3-9474-1A3956D46DE8}") = "prometheus", "prometheus", "{A7999209-9938-4606-8A52-EA605B0A285C}"
	ProjectSection(SolutionItems) = preProject
		prometheus.yml = prometheus.yml
	EndProjectSection
EndProject
Global
	GlobalSection(SolutionConfigurationPlatforms) = preSolution
		Debug|Any CPU = Debug|Any CPU
		Debug|x64 = Debug|x64
		Debug|x86 = Debug|x86
		Release|Any CPU = Release|Any CPU
		Release|x64 = Release|x64
		Release|x86 = Release|x86
	EndGlobalSection
	GlobalSection(ProjectConfigurationPlatforms) = postSolution
		{711A4AF2-CD1E-4E95-8B70-DD8F604557D8}.Debug|Any CPU.ActiveCfg = Debug|Any CPU
		{711A4AF2-CD1E-4E95-8B70-DD8F604557D8}.Debug|Any CPU.Build.0 = Debug|Any CPU
		{711A4AF2-CD1E-4E95-8B70-DD8F604557D8}.Debug|x64.ActiveCfg = Debug|Any CPU
		{711A4AF2-CD1E-4E95-8B70-DD8F604557D8}.Debug|x64.Build.0 = Debug|Any CPU
		{711A4AF2-CD1E-4E95-8B70-DD8F604557D8}.Debug|x86.ActiveCfg = Debug|Any CPU
		{711A4AF2-CD1E-4E95-8B70-DD8F604557D8}.Debug|x86.Build.0 = Debug|Any CPU
		{711A4AF2-CD1E-4E95-8B70-DD8F604557D8}.Release|Any CPU.ActiveCfg = Release|Any CPU
		{711A4AF2-CD1E-4E95-8B70-DD8F604557D8}.Release|Any CPU.Build.0 = Release|Any CPU
		{711A4AF2-CD1E-4E95-8B70-DD8F604557D8}.Release|x64.ActiveCfg = Release|Any CPU
		{711A4AF2-CD1E-4E95-8B70-DD8F604557D8}.Release|x64.Build.0 = Release|Any CPU
		{711A4AF2-CD1E-4E95-8B70-DD8F604557D8}.Release|x86.ActiveCfg = Release|Any CPU
		{711A4AF2-CD1E-4E95-8B70-DD8F604557D8}.Release|x86.Build.0 = Release|Any CPU
		{8A41A856-F6D7-4203-9686-B2CE18DD0D42}.Debug|Any CPU.ActiveCfg = Debug|Any CPU
		{8A41A856-F6D7-4203-9686-B2CE18DD0D42}.Debug|Any CPU.Build.0 = Debug|Any CPU
		{8A41A856-F6D7-4203-9686-B2CE18DD0D42}.Debug|x64.ActiveCfg = Debug|Any CPU
		{8A41A856-F6D7-4203-9686-B2CE18DD0D42}.Debug|x64.Build.0 = Debug|Any CPU
		{8A41A856-F6D7-4203-9686-B2CE18DD0D42}.Debug|x86.ActiveCfg = Debug|Any CPU
		{8A41A856-F6D7-4203-9686-B2CE18DD0D42}.Debug|x86.Build.0 = Debug|Any CPU
		{8A41A856-F6D7-4203-9686-B2CE18DD0D42}.Release|Any CPU.ActiveCfg = Release|Any CPU
		{8A41A856-F6D7-4203-9686-B2CE18DD0D42}.Release|Any CPU.Build.0 = Release|Any CPU
		{8A41A856-F6D7-4203-9686-B2CE18DD0D42}.Release|x64.ActiveCfg = Release|Any CPU
		{8A41A856-F6D7-4203-9686-B2CE18DD0D42}.Release|x64.Build.0 = Release|Any CPU
		{8A41A856-F6D7-4203-9686-B2CE18DD0D42}.Release|x86.ActiveCfg = Release|Any CPU
		{8A41A856-F6D7-4203-9686-B2CE18DD0D42}.Release|x86.Build.0 = Release|Any CPU
		{EFA6870B-AA55-4D5D-82FD-27A6ED0C0AC6}.Debug|Any CPU.ActiveCfg = Debug|Any CPU
		{EFA6870B-AA55-4D5D-82FD-27A6ED0C0AC6}.Debug|Any CPU.Build.0 = Debug|Any CPU
		{EFA6870B-AA55-4D5D-82FD-27A6ED0C0AC6}.Debug|x64.ActiveCfg = Debug|Any CPU
		{EFA6870B-AA55-4D5D-82FD-27A6ED0C0AC6}.Debug|x64.Build.0 = Debug|Any CPU
		{EFA6870B-AA55-4D5D-82FD-27A6ED0C0AC6}.Debug|x86.ActiveCfg = Debug|Any CPU
		{EFA6870B-AA55-4D5D-82FD-27A6ED0C0AC6}.Debug|x86.Build.0 = Debug|Any CPU
		{EFA6870B-AA55-4D5D-82FD-27A6ED0C0AC6}.Release|Any CPU.ActiveCfg = Release|Any CPU
		{EFA6870B-AA55-4D5D-82FD-27A6ED0C0AC6}.Release|Any CPU.Build.0 = Release|Any CPU
		{EFA6870B-AA55-4D5D-82FD-27A6ED0C0AC6}.Release|x64.ActiveCfg = Release|Any CPU
		{EFA6870B-AA55-4D5D-82FD-27A6ED0C0AC6}.Release|x64.Build.0 = Release|Any CPU
		{EFA6870B-AA55-4D5D-82FD-27A6ED0C0AC6}.Release|x86.ActiveCfg = Release|Any CPU
		{EFA6870B-AA55-4D5D-82FD-27A6ED0C0AC6}.Release|x86.Build.0 = Release|Any CPU
		{1FBF2603-736A-4E1C-B8B9-BF7AC5A43671}.Debug|Any CPU.ActiveCfg = Debug|Any CPU
		{1FBF2603-736A-4E1C-B8B9-BF7AC5A43671}.Debug|Any CPU.Build.0 = Debug|Any CPU
		{1FBF2603-736A-4E1C-B8B9-BF7AC5A43671}.Debug|x64.ActiveCfg = Debug|Any CPU
		{1FBF2603-736A-4E1C-B8B9-BF7AC5A43671}.Debug|x64.Build.0 = Debug|Any CPU
		{1FBF2603-736A-4E1C-B8B9-BF7AC5A43671}.Debug|x86.ActiveCfg = Debug|Any CPU
		{1FBF2603-736A-4E1C-B8B9-BF7AC5A43671}.Debug|x86.Build.0 = Debug|Any CPU
		{1FBF2603-736A-4E1C-B8B9-BF7AC5A43671}.Release|Any CPU.ActiveCfg = Release|Any CPU
		{1FBF2603-736A-4E1C-B8B9-BF7AC5A43671}.Release|Any CPU.Build.0 = Release|Any CPU
		{1FBF2603-736A-4E1C-B8B9-BF7AC5A43671}.Release|x64.ActiveCfg = Release|Any CPU
		{1FBF2603-736A-4E1C-B8B9-BF7AC5A43671}.Release|x64.Build.0 = Release|Any CPU
		{1FBF2603-736A-4E1C-B8B9-BF7AC5A43671}.Release|x86.ActiveCfg = Release|Any CPU
		{1FBF2603-736A-4E1C-B8B9-BF7AC5A43671}.Release|x86.Build.0 = Release|Any CPU
		{35A593E8-1119-455D-823E-BD7D41BA447C}.Debug|Any CPU.ActiveCfg = Debug|Any CPU
		{35A593E8-1119-455D-823E-BD7D41BA447C}.Debug|Any CPU.Build.0 = Debug|Any CPU
		{35A593E8-1119-455D-823E-BD7D41BA447C}.Debug|x64.ActiveCfg = Debug|Any CPU
		{35A593E8-1119-455D-823E-BD7D41BA447C}.Debug|x64.Build.0 = Debug|Any CPU
		{35A593E8-1119-455D-823E-BD7D41BA447C}.Debug|x86.ActiveCfg = Debug|Any CPU
		{35A593E8-1119-455D-823E-BD7D41BA447C}.Debug|x86.Build.0 = Debug|Any CPU
		{35A593E8-1119-455D-823E-BD7D41BA447C}.Release|Any CPU.ActiveCfg = Release|Any CPU
		{35A593E8-1119-455D-823E-BD7D41BA447C}.Release|Any CPU.Build.0 = Release|Any CPU
		{35A593E8-1119-455D-823E-BD7D41BA447C}.Release|x64.ActiveCfg = Release|Any CPU
		{35A593E8-1119-455D-823E-BD7D41BA447C}.Release|x64.Build.0 = Release|Any CPU
		{35A593E8-1119-455D-823E-BD7D41BA447C}.Release|x86.ActiveCfg = Release|Any CPU
		{35A593E8-1119-455D-823E-BD7D41BA447C}.Release|x86.Build.0 = Release|Any CPU
		{CC72C4D6-7695-4AC5-B49D-B2B36B20E470}.Debug|Any CPU.ActiveCfg = Debug|Any CPU
		{CC72C4D6-7695-4AC5-B49D-B2B36B20E470}.Debug|Any CPU.Build.0 = Debug|Any CPU
		{CC72C4D6-7695-4AC5-B49D-B2B36B20E470}.Debug|x64.ActiveCfg = Debug|Any CPU
		{CC72C4D6-7695-4AC5-B49D-B2B36B20E470}.Debug|x64.Build.0 = Debug|Any CPU
		{CC72C4D6-7695-4AC5-B49D-B2B36B20E470}.Debug|x86.ActiveCfg = Debug|Any CPU
		{CC72C4D6-7695-4AC5-B49D-B2B36B20E470}.Debug|x86.Build.0 = Debug|Any CPU
		{CC72C4D6-7695-4AC5-B49D-B2B36B20E470}.Release|Any CPU.ActiveCfg = Release|Any CPU
		{CC72C4D6-7695-4AC5-B49D-B2B36B20E470}.Release|Any CPU.Build.0 = Release|Any CPU
		{CC72C4D6-7695-4AC5-B49D-B2B36B20E470}.Release|x64.ActiveCfg = Release|Any CPU
		{CC72C4D6-7695-4AC5-B49D-B2B36B20E470}.Release|x64.Build.0 = Release|Any CPU
		{CC72C4D6-7695-4AC5-B49D-B2B36B20E470}.Release|x86.ActiveCfg = Release|Any CPU
		{CC72C4D6-7695-4AC5-B49D-B2B36B20E470}.Release|x86.Build.0 = Release|Any CPU
	EndGlobalSection
	GlobalSection(SolutionProperties) = preSolution
		HideSolutionNode = FALSE
	EndGlobalSection
	GlobalSection(NestedProjects) = preSolution
		{711A4AF2-CD1E-4E95-8B70-DD8F604557D8} = {842EFF08-FA68-414A-A13D-99938D1F3FD5}
		{8A41A856-F6D7-4203-9686-B2CE18DD0D42} = {6002E337-81F5-4684-BF6E-C075B6A72E98}
		{EFA6870B-AA55-4D5D-82FD-27A6ED0C0AC6} = {842EFF08-FA68-414A-A13D-99938D1F3FD5}
		{1FBF2603-736A-4E1C-B8B9-BF7AC5A43671} = {02EA681E-C7D8-13C7-8484-4AC65E1B71E8}
		{35A593E8-1119-455D-823E-BD7D41BA447C} = {827E0CD3-B72D-47B6-A68D-7590B98EB39B}
		{CC72C4D6-7695-4AC5-B49D-B2B36B20E470} = {D4C42C2D-1F08-4AA1-94A5-E1579D516948}
		{02EA681E-C7D8-13C7-8484-4AC65E1B71E8} = {827E0CD3-B72D-47B6-A68D-7590B98EB39B}
		{6002E337-81F5-4684-BF6E-C075B6A72E98} = {827E0CD3-B72D-47B6-A68D-7590B98EB39B}
		{842EFF08-FA68-414A-A13D-99938D1F3FD5} = {827E0CD3-B72D-47B6-A68D-7590B98EB39B}
		{D4C42C2D-1F08-4AA1-94A5-E1579D516948} = {827E0CD3-B72D-47B6-A68D-7590B98EB39B}
		{A7999209-9938-4606-8A52-EA605B0A285C} = {E5B66034-E489-401E-86D5-07B4E1466AE4}
	EndGlobalSection
	GlobalSection(ExtensibilityGlobals) = postSolution
		SolutionGuid = {CCF35AE6-76DB-4BD4-95A6-F32F11B6087A}
	EndGlobalSection
EndGlobal
